
Microsoft Visual Studio Solution File, Format Version 12.00
# Visual Studio 15
VisualStudioVersion = 15.0.27428.2043
MinimumVisualStudioVersion = 10.0.40219.1
Project("{888888A0-9F3D-457C-B088-3A5042F75D52}") = "PythonOracle", "PythonOracle\PythonOracle.pyproj", "{82E4EA20-8071-4A9C-9499-7C43F98DCB3F}"
EndProject
Global
	GlobalSection(SolutionConfigurationPlatforms) = preSolution
		Debug|Any CPU = Debug|Any CPU
		Release|Any CPU = Release|Any CPU
	EndGlobalSection
	GlobalSection(ProjectConfigurationPlatforms) = postSolution
		{82E4EA20-8071-4A9C-9499-7C43F98DCB3F}.Debug|Any CPU.ActiveCfg = Debug|Any CPU
		{82E4EA20-8071-4A9C-9499-7C43F98DCB3F}.Release|Any CPU.ActiveCfg = Release|Any CPU
	EndGlobalSection
	GlobalSection(SolutionProperties) = preSolution
		HideSolutionNode = FALSE
	EndGlobalSection
	GlobalSection(ExtensibilityGlobals) = postSolution
		SolutionGuid = {D5A232E3-9A7F-4AB0-A083-BC3A96AD71CD}
	EndGlobalSection
EndGlobal
