
Microsoft Visual Studio Solution File, Format Version 12.00
# Visual Studio 15
VisualStudioVersion = 15.0.27703.2042
MinimumVisualStudioVersion = 10.0.40219.1
Project("{888888A0-9F3D-457C-B088-3A5042F75D52}") = "SudokuWeb", "SudokuWeb\SudokuWeb.pyproj", "{A5971CC8-8920-4A7D-A1DC-247013683627}"
EndProject
Global
	GlobalSection(SolutionConfigurationPlatforms) = preSolution
		Debug|Any CPU = Debug|Any CPU
		Debug|AnyCPU = Debug|AnyCPU
		Release|Any CPU = Release|Any CPU
		Release|AnyCPU = Release|AnyCPU
	EndGlobalSection
	GlobalSection(ProjectConfigurationPlatforms) = postSolution
		{A5971CC8-8920-4A7D-A1DC-247013683627}.Debug|Any CPU.ActiveCfg = Debug|Any CPU
		{A5971CC8-8920-4A7D-A1DC-247013683627}.Debug|Any CPU.Build.0 = Debug|Any CPU
		{A5971CC8-8920-4A7D-A1DC-247013683627}.Debug|AnyCPU.ActiveCfg = Debug|Any CPU
		{A5971CC8-8920-4A7D-A1DC-247013683627}.Debug|AnyCPU.Build.0 = Debug|Any CPU
		{A5971CC8-8920-4A7D-A1DC-247013683627}.Release|Any CPU.ActiveCfg = Release|Any CPU
		{A5971CC8-8920-4A7D-A1DC-247013683627}.Release|Any CPU.Build.0 = Release|Any CPU
		{A5971CC8-8920-4A7D-A1DC-247013683627}.Release|AnyCPU.ActiveCfg = Release|Any CPU
		{A5971CC8-8920-4A7D-A1DC-247013683627}.Release|AnyCPU.Build.0 = Release|Any CPU
	EndGlobalSection
	GlobalSection(SolutionProperties) = preSolution
		HideSolutionNode = FALSE
	EndGlobalSection
	GlobalSection(ExtensibilityGlobals) = postSolution
		SolutionGuid = {E833A98E-915A-4609-A373-C1A9CB2F2DD0}
	EndGlobalSection
EndGlobal
