
Microsoft Visual Studio Solution File, Format Version 12.00
# Visual Studio 2012
Project("{8BC9CEB8-8B4A-11D0-8D11-00A0C91BC942}") = "FirstWin32Proj", "FirstWin32Proj\FirstWin32Proj.vcxproj", "{F4DDBD6C-2A79-4EA2-9A1E-CBB78D9C7EDF}"
EndProject
Global
	GlobalSection(SolutionConfigurationPlatforms) = preSolution
		Debug|Win32 = Debug|Win32
		Release|Win32 = Release|Win32
	EndGlobalSection
	GlobalSection(ProjectConfigurationPlatforms) = postSolution
		{F4DDBD6C-2A79-4EA2-9A1E-CBB78D9C7EDF}.Debug|Win32.ActiveCfg = Debug|Win32
		{F4DDBD6C-2A79-4EA2-9A1E-CBB78D9C7EDF}.Debug|Win32.Build.0 = Debug|Win32
		{F4DDBD6C-2A79-4EA2-9A1E-CBB78D9C7EDF}.Release|Win32.ActiveCfg = Release|Win32
		{F4DDBD6C-2A79-4EA2-9A1E-CBB78D9C7EDF}.Release|Win32.Build.0 = Release|Win32
	EndGlobalSection
	GlobalSection(SolutionProperties) = preSolution
		HideSolutionNode = FALSE
	EndGlobalSection
EndGlobal
