
Microsoft Visual Studio Solution File, Format Version 12.00
# Visual Studio Version 17
VisualStudioVersion = 17.0.32014.148
MinimumVisualStudioVersion = 10.0.40219.1
Project("{888888A0-9F3D-457C-B088-3A5042F75D52}") = "Spark", "Spark\Spark.pyproj", "{5C632D54-FED4-489E-80DE-CE54E2178D77}"
EndProject
Global
	GlobalSection(SolutionConfigurationPlatforms) = preSolution
		Debug|Any CPU = Debug|Any CPU
		Release|Any CPU = Release|Any CPU
	EndGlobalSection
	GlobalSection(ProjectConfigurationPlatforms) = postSolution
		{5C632D54-FED4-489E-80DE-CE54E2178D77}.Debug|Any CPU.ActiveCfg = Debug|Any CPU
		{5C632D54-FED4-489E-80DE-CE54E2178D77}.Release|Any CPU.ActiveCfg = Release|Any CPU
	EndGlobalSection
	GlobalSection(SolutionProperties) = preSolution
		HideSolutionNode = FALSE
	EndGlobalSection
	GlobalSection(ExtensibilityGlobals) = postSolution
		SolutionGuid = {19B6C489-D225-4990-B5F6-612D9D051E60}
	EndGlobalSection
EndGlobal
